
Microsoft Visual Studio Solution File, Format Version 12.00
# Visual Studio Version 17
VisualStudioVersion = 17.10.35122.118
MinimumVisualStudioVersion = 10.0.40219.1
Project("{FAE04EC0-301F-11D3-BF4B-00C04F79EFBC}") = "Static_McVey_Cason", "Static_McVey_Cason.csproj", "{78A604B5-39C7-4339-A8F9-8B957657A7CB}"
EndProject
Global
	GlobalSection(SolutionConfigurationPlatforms) = preSolution
		Debug|Any CPU = Debug|Any CPU
		Release|Any CPU = Release|Any CPU
	EndGlobalSection
	GlobalSection(ProjectConfigurationPlatforms) = postSolution
		{78A604B5-39C7-4339-A8F9-8B957657A7CB}.Debug|Any CPU.ActiveCfg = Debug|Any CPU
		{78A604B5-39C7-4339-A8F9-8B957657A7CB}.Debug|Any CPU.Build.0 = Debug|Any CPU
		{78A604B5-39C7-4339-A8F9-8B957657A7CB}.Release|Any CPU.ActiveCfg = Release|Any CPU
		{78A604B5-39C7-4339-A8F9-8B957657A7CB}.Release|Any CPU.Build.0 = Release|Any CPU
	EndGlobalSection
	GlobalSection(SolutionProperties) = preSolution
		HideSolutionNode = FALSE
	EndGlobalSection
	GlobalSection(ExtensibilityGlobals) = postSolution
		SolutionGuid = {A2466D6A-349E-4884-B8E7-F45950220D30}
	EndGlobalSection
EndGlobal
